
Microsoft Visual Studio Solution File, Format Version 12.00
# Visual Studio Version 17
VisualStudioVersion = 17.10.34916.146
MinimumVisualStudioVersion = 10.0.40219.1
Project("{9A19103F-16F7-4668-BE54-9A1E7A4F7556}") = "UserDataHub.WebAPI", "UserDataHub\UserDataHub.WebAPI.csproj", "{68E806C1-F005-4176-B7A3-9D1456DD5B96}"
	ProjectSection(ProjectDependencies) = postProject
		{C975465E-B0B9-41F9-8A0E-8EC46740CB60} = {C975465E-B0B9-41F9-8A0E-8EC46740CB60}
	EndProjectSection
EndProject
Project("{9A19103F-16F7-4668-BE54-9A1E7A4F7556}") = "UserDataHub.Core", "UserHubCore\UserDataHub.Core.csproj", "{C975465E-B0B9-41F9-8A0E-8EC46740CB60}"
EndProject
Global
	GlobalSection(SolutionConfigurationPlatforms) = preSolution
		Debug|Any CPU = Debug|Any CPU
		Release|Any CPU = Release|Any CPU
	EndGlobalSection
	GlobalSection(ProjectConfigurationPlatforms) = postSolution
		{68E806C1-F005-4176-B7A3-9D1456DD5B96}.Debug|Any CPU.ActiveCfg = Debug|Any CPU
		{68E806C1-F005-4176-B7A3-9D1456DD5B96}.Debug|Any CPU.Build.0 = Debug|Any CPU
		{68E806C1-F005-4176-B7A3-9D1456DD5B96}.Release|Any CPU.ActiveCfg = Release|Any CPU
		{68E806C1-F005-4176-B7A3-9D1456DD5B96}.Release|Any CPU.Build.0 = Release|Any CPU
		{C975465E-B0B9-41F9-8A0E-8EC46740CB60}.Debug|Any CPU.ActiveCfg = Debug|Any CPU
		{C975465E-B0B9-41F9-8A0E-8EC46740CB60}.Debug|Any CPU.Build.0 = Debug|Any CPU
		{C975465E-B0B9-41F9-8A0E-8EC46740CB60}.Release|Any CPU.ActiveCfg = Release|Any CPU
		{C975465E-B0B9-41F9-8A0E-8EC46740CB60}.Release|Any CPU.Build.0 = Release|Any CPU
	EndGlobalSection
	GlobalSection(SolutionProperties) = preSolution
		HideSolutionNode = FALSE
	EndGlobalSection
	GlobalSection(ExtensibilityGlobals) = postSolution
		SolutionGuid = {B4A5D031-F635-47A3-9057-5754BBB32CD6}
	EndGlobalSection
EndGlobal
